// !$*UTF8*$!
{
	archiveVersion = 1;
	classes = {
	};
	objectVersion = 50;
	objects = {

/* Begin PBXBuildFile section */
		204FC78F236084D100AE693A /* UserModel.swift in Sources */ = {isa = PBXBuildFile; fileRef = 204FC78E236084D100AE693A /* UserModel.swift */; };
		2057031F232E2B0200103A3E /* SignUpButton.swift in Sources */ = {isa = PBXBuildFile; fileRef = 2057031E232E2B0200103A3E /* SignUpButton.swift */; };
		20570323232E439900103A3E /* PositionCardView.swift in Sources */ = {isa = PBXBuildFile; fileRef = 20570322232E439900103A3E /* PositionCardView.swift */; };
		2074DB1D2348C6BE007D7377 /* SignUpViewModel.swift in Sources */ = {isa = PBXBuildFile; fileRef = 2074DB1C2348C6BE007D7377 /* SignUpViewModel.swift */; };
		20B81DFB232D54E20081D341 /* RoundedTextField.swift in Sources */ = {isa = PBXBuildFile; fileRef = 20B81DFA232D54E20081D341 /* RoundedTextField.swift */; };
		4611919B249BA9170028D99F /* GoogleService-Info.plist in Resources */ = {isa = PBXBuildFile; fileRef = 4611919A249BA9170028D99F /* GoogleService-Info.plist */; };
		46337A7A249A697E00AF4FA4 /* Protobuf.framework in Frameworks */ = {isa = PBXBuildFile; fileRef = BC0C4F4D23746C8900DA85B0 /* Protobuf.framework */; };
		46337A7B249A697E00AF4FA4 /* Protobuf.framework in Embed Frameworks */ = {isa = PBXBuildFile; fileRef = BC0C4F4D23746C8900DA85B0 /* Protobuf.framework */; settings = {ATTRIBUTES = (CodeSignOnCopy, RemoveHeadersOnCopy, ); }; };
		46337A7D249A697F00AF4FA4 /* TextFieldEffects.framework in Frameworks */ = {isa = PBXBuildFile; fileRef = BC3E50C9232A973D00B56EBF /* TextFieldEffects.framework */; };
		46337A7E249A697F00AF4FA4 /* TextFieldEffects.framework in Embed Frameworks */ = {isa = PBXBuildFile; fileRef = BC3E50C9232A973D00B56EBF /* TextFieldEffects.framework */; settings = {ATTRIBUTES = (CodeSignOnCopy, RemoveHeadersOnCopy, ); }; };
		BC0C4F4B2374521600DA85B0 /* FirebaseMessaging.framework in Frameworks */ = {isa = PBXBuildFile; fileRef = BC0C4F4A2374521600DA85B0 /* FirebaseMessaging.framework */; };
		BC0C4F4C23746C8900DA85B0 /* FirebaseInstanceID.framework in Frameworks */ = {isa = PBXBuildFile; fileRef = BC10145D232E24FE0096E962 /* FirebaseInstanceID.framework */; };
		BC10146D232E24FF0096E962 /* GTMSessionFetcher.framework in Frameworks */ = {isa = PBXBuildFile; fileRef = BC10145F232E24FE0096E962 /* GTMSessionFetcher.framework */; };
		BC10146E232E24FF0096E962 /* FirebaseDatabase.framework in Frameworks */ = {isa = PBXBuildFile; fileRef = BC101460232E24FE0096E962 /* FirebaseDatabase.framework */; };
		BC10146F232E24FF0096E962 /* FirebaseCore.framework in Frameworks */ = {isa = PBXBuildFile; fileRef = BC101461232E24FE0096E962 /* FirebaseCore.framework */; };
		BC101470232E24FF0096E962 /* FirebaseAuth.framework in Frameworks */ = {isa = PBXBuildFile; fileRef = BC101462232E24FE0096E962 /* FirebaseAuth.framework */; };
		BC101471232E24FF0096E962 /* FIRAnalyticsConnector.framework in Frameworks */ = {isa = PBXBuildFile; fileRef = BC101463232E24FE0096E962 /* FIRAnalyticsConnector.framework */; };
		BC101472232E24FF0096E962 /* GoogleUtilities.framework in Frameworks */ = {isa = PBXBuildFile; fileRef = BC101464232E24FE0096E962 /* GoogleUtilities.framework */; };
		BC101476232E24FF0096E962 /* FirebaseAnalytics.framework in Frameworks */ = {isa = PBXBuildFile; fileRef = BC101468232E24FE0096E962 /* FirebaseAnalytics.framework */; };
		BC101478232E25DF0096E962 /* libc++.tbd in Frameworks */ = {isa = PBXBuildFile; fileRef = BC101477232E25DF0096E962 /* libc++.tbd */; };
		BC10147A232E25E80096E962 /* libsqlite3.tbd in Frameworks */ = {isa = PBXBuildFile; fileRef = BC101479232E25E80096E962 /* libsqlite3.tbd */; };
		BC101480232E26130096E962 /* leveldb-library.framework in Frameworks */ = {isa = PBXBuildFile; fileRef = BC10147B232E26130096E962 /* leveldb-library.framework */; };
		BC101481232E26130096E962 /* nanopb.framework in Frameworks */ = {isa = PBXBuildFile; fileRef = BC10147C232E26130096E962 /* nanopb.framework */; };
		BC101482232E26130096E962 /* GoogleAppMeasurement.framework in Frameworks */ = {isa = PBXBuildFile; fileRef = BC10147D232E26130096E962 /* GoogleAppMeasurement.framework */; };
		BC101483232E26130096E962 /* GoogleDataTransportCCTSupport.framework in Frameworks */ = {isa = PBXBuildFile; fileRef = BC10147E232E26130096E962 /* GoogleDataTransportCCTSupport.framework */; };
		BC101484232E26130096E962 /* GoogleDataTransport.framework in Frameworks */ = {isa = PBXBuildFile; fileRef = BC10147F232E26130096E962 /* GoogleDataTransport.framework */; };
		BC101489232E2D110096E962 /* LoginPopupView.xib in Resources */ = {isa = PBXBuildFile; fileRef = BC101488232E2D110096E962 /* LoginPopupView.xib */; };
		BC10148B232E2D1C0096E962 /* LoginPopupView.swift in Sources */ = {isa = PBXBuildFile; fileRef = BC10148A232E2D1C0096E962 /* LoginPopupView.swift */; };
		BC10148D232E32810096E962 /* LoginTransitionCoordinator.swift in Sources */ = {isa = PBXBuildFile; fileRef = BC10148C232E32810096E962 /* LoginTransitionCoordinator.swift */; };
		BC10148F232E32DB0096E962 /* LoginPopupViewController.swift in Sources */ = {isa = PBXBuildFile; fileRef = BC10148E232E32DB0096E962 /* LoginPopupViewController.swift */; };
		BC1014922333D9BB0096E962 /* HomeHeaderCell.swift in Sources */ = {isa = PBXBuildFile; fileRef = BC1014902333D9BB0096E962 /* HomeHeaderCell.swift */; };
		BC1014932333D9BB0096E962 /* HomeHeaderCell.xib in Resources */ = {isa = PBXBuildFile; fileRef = BC1014912333D9BB0096E962 /* HomeHeaderCell.xib */; };
		BC1014982333DD4E0096E962 /* WelcomeCell.swift in Sources */ = {isa = PBXBuildFile; fileRef = BC1014962333DD4E0096E962 /* WelcomeCell.swift */; };
		BC1014992333DD4E0096E962 /* WelcomeCell.xib in Resources */ = {isa = PBXBuildFile; fileRef = BC1014972333DD4E0096E962 /* WelcomeCell.xib */; };
		BC381F302349F4760040202D /* Firebase.swift in Sources */ = {isa = PBXBuildFile; fileRef = BC381F2F2349F4760040202D /* Firebase.swift */; };
		BC3E50AE232A5E4600B56EBF /* Login.storyboard in Resources */ = {isa = PBXBuildFile; fileRef = BC3E50AD232A5E4600B56EBF /* Login.storyboard */; };
		BC3E50B0232A5E5600B56EBF /* LoginViewController.swift in Sources */ = {isa = PBXBuildFile; fileRef = BC3E50AF232A5E5600B56EBF /* LoginViewController.swift */; };
		BC3E50B3232A5EF600B56EBF /* SignUp.storyboard in Resources */ = {isa = PBXBuildFile; fileRef = BC3E50B2232A5EF600B56EBF /* SignUp.storyboard */; };
		BC3E50B5232A5F0100B56EBF /* SignUpViewController.swift in Sources */ = {isa = PBXBuildFile; fileRef = BC3E50B4232A5F0100B56EBF /* SignUpViewController.swift */; };
		BC3E50B8232A5F6100B56EBF /* StepOneView.swift in Sources */ = {isa = PBXBuildFile; fileRef = BC3E50B7232A5F6100B56EBF /* StepOneView.swift */; };
		BC3E50BA232A5F6B00B56EBF /* StepOneView.xib in Resources */ = {isa = PBXBuildFile; fileRef = BC3E50B9232A5F6B00B56EBF /* StepOneView.xib */; };
		BC3E50BC232A5F7500B56EBF /* StepTwoView.xib in Resources */ = {isa = PBXBuildFile; fileRef = BC3E50BB232A5F7500B56EBF /* StepTwoView.xib */; };
		BC3E50BE232A5F8000B56EBF /* StepTwoView.swift in Sources */ = {isa = PBXBuildFile; fileRef = BC3E50BD232A5F8000B56EBF /* StepTwoView.swift */; };
		BC3E50C0232A5F8B00B56EBF /* StepThreeView.xib in Resources */ = {isa = PBXBuildFile; fileRef = BC3E50BF232A5F8B00B56EBF /* StepThreeView.xib */; };
		BC3E50C2232A5F9B00B56EBF /* StepThreeView.swift in Sources */ = {isa = PBXBuildFile; fileRef = BC3E50C1232A5F9B00B56EBF /* StepThreeView.swift */; };
		BC3E50C4232A5FBC00B56EBF /* StepFourView.xib in Resources */ = {isa = PBXBuildFile; fileRef = BC3E50C3232A5FBC00B56EBF /* StepFourView.xib */; };
		BC3E50C6232A5FC800B56EBF /* StepFourView.swift in Sources */ = {isa = PBXBuildFile; fileRef = BC3E50C5232A5FC800B56EBF /* StepFourView.swift */; };
		BC3E50C8232A6D6C00B56EBF /* Optional+Extension.swift in Sources */ = {isa = PBXBuildFile; fileRef = BC3E50C7232A6D6C00B56EBF /* Optional+Extension.swift */; };
		BC7E4AB6235F5F7F00A314DA /* ScannerViewController.swift in Sources */ = {isa = PBXBuildFile; fileRef = BC7E4AB5235F5F7F00A314DA /* ScannerViewController.swift */; };
		BC8863F5234E36C50031C7F1 /* LoginDataSource.swift in Sources */ = {isa = PBXBuildFile; fileRef = BC8863F4234E36C50031C7F1 /* LoginDataSource.swift */; };
		BC8863FA234E36FE0031C7F1 /* PosterCell.swift in Sources */ = {isa = PBXBuildFile; fileRef = BC8863F9234E36FE0031C7F1 /* PosterCell.swift */; };
		BC8863FD234E37780031C7F1 /* PosterModel.swift in Sources */ = {isa = PBXBuildFile; fileRef = BC8863FC234E37780031C7F1 /* PosterModel.swift */; };
		BC8863FF23561B590031C7F1 /* LoginPopupViewModel.swift in Sources */ = {isa = PBXBuildFile; fileRef = BC8863FE23561B590031C7F1 /* LoginPopupViewModel.swift */; };
		BC886401235B5BA00031C7F1 /* UIVIewController+Extension.swift in Sources */ = {isa = PBXBuildFile; fileRef = BC886400235B5BA00031C7F1 /* UIVIewController+Extension.swift */; };
		BC886403235C6FD60031C7F1 /* Date+Extension.swift in Sources */ = {isa = PBXBuildFile; fileRef = BC886402235C6FD60031C7F1 /* Date+Extension.swift */; };
		BCDE47502379A990009CEAC2 /* Curriculum.swift in Sources */ = {isa = PBXBuildFile; fileRef = BCDE474F2379A990009CEAC2 /* Curriculum.swift */; };
		BCDE47532379BD97009CEAC2 /* CodableFirebase.framework in Frameworks */ = {isa = PBXBuildFile; fileRef = BCDE47512379BD97009CEAC2 /* CodableFirebase.framework */; };
		BCDE47542379BD97009CEAC2 /* Lottie.framework in Frameworks */ = {isa = PBXBuildFile; fileRef = BCDE47522379BD97009CEAC2 /* Lottie.framework */; };
		BCDE47572379BED0009CEAC2 /* onBoarding1.json in Resources */ = {isa = PBXBuildFile; fileRef = BCDE47552379BECF009CEAC2 /* onBoarding1.json */; };
		BCDE47582379BED0009CEAC2 /* onBoarding2.json in Resources */ = {isa = PBXBuildFile; fileRef = BCDE47562379BED0009CEAC2 /* onBoarding2.json */; };
		BCE1B3BB231BB68D001BB684 /* AppDelegate.swift in Sources */ = {isa = PBXBuildFile; fileRef = BCE1B3BA231BB68D001BB684 /* AppDelegate.swift */; };
		BCE1B3C2231BB68F001BB684 /* Assets.xcassets in Resources */ = {isa = PBXBuildFile; fileRef = BCE1B3C1231BB68F001BB684 /* Assets.xcassets */; };
		BCE1B3C5231BB68F001BB684 /* LaunchScreen.storyboard in Resources */ = {isa = PBXBuildFile; fileRef = BCE1B3C3231BB68F001BB684 /* LaunchScreen.storyboard */; };
		BCE1B3CF231BB75E001BB684 /* BaseViewController.swift in Sources */ = {isa = PBXBuildFile; fileRef = BCE1B3CE231BB75E001BB684 /* BaseViewController.swift */; };
		BCE1B3D2231BB79D001BB684 /* Home.storyboard in Resources */ = {isa = PBXBuildFile; fileRef = BCE1B3D1231BB79D001BB684 /* Home.storyboard */; };
		BCE1B3D4231BB7BC001BB684 /* HomeViewController.swift in Sources */ = {isa = PBXBuildFile; fileRef = BCE1B3D3231BB7BC001BB684 /* HomeViewController.swift */; };
		BCE1B3D9231BB858001BB684 /* ReactiveMapKit.framework in Frameworks */ = {isa = PBXBuildFile; fileRef = BCE1B3D6231BB858001BB684 /* ReactiveMapKit.framework */; };
		BCE1B3DA231BB858001BB684 /* ReactiveSwift.framework in Frameworks */ = {isa = PBXBuildFile; fileRef = BCE1B3D7231BB858001BB684 /* ReactiveSwift.framework */; };
		BCE1B3DB231BB858001BB684 /* ReactiveCocoa.framework in Frameworks */ = {isa = PBXBuildFile; fileRef = BCE1B3D8231BB858001BB684 /* ReactiveCocoa.framework */; };
		BCE1B3DE231BD8E1001BB684 /* Alamofire.framework in Frameworks */ = {isa = PBXBuildFile; fileRef = BCE1B3DD231BD8E1001BB684 /* Alamofire.framework */; };
		BCE1B3E5231BE069001BB684 /* BaseView.swift in Sources */ = {isa = PBXBuildFile; fileRef = BCE1B3E4231BE069001BB684 /* BaseView.swift */; };
		BCE1B3ED231BE383001BB684 /* BaseDataSource.swift in Sources */ = {isa = PBXBuildFile; fileRef = BCE1B3EC231BE383001BB684 /* BaseDataSource.swift */; };
		BCE1B3EF231BE39C001BB684 /* BaseCell.swift in Sources */ = {isa = PBXBuildFile; fileRef = BCE1B3EE231BE39C001BB684 /* BaseCell.swift */; };
		BCE1B3F1231BE576001BB684 /* HomeDataSource.swift in Sources */ = {isa = PBXBuildFile; fileRef = BCE1B3F0231BE576001BB684 /* HomeDataSource.swift */; };
		BCE1B3F3231BE57F001BB684 /* HomeViewModel.swift in Sources */ = {isa = PBXBuildFile; fileRef = BCE1B3F2231BE57F001BB684 /* HomeViewModel.swift */; };
		BCE1B3F5231BE67A001BB684 /* AccountView.swift in Sources */ = {isa = PBXBuildFile; fileRef = BCE1B3F4231BE67A001BB684 /* AccountView.swift */; };
		BCE1B3F7231BE689001BB684 /* AccountView.xib in Resources */ = {isa = PBXBuildFile; fileRef = BCE1B3F6231BE689001BB684 /* AccountView.xib */; };
		BCE1B3FB231BE6E9001BB684 /* QRCodeController.swift in Sources */ = {isa = PBXBuildFile; fileRef = BCE1B3FA231BE6E9001BB684 /* QRCodeController.swift */; };
		BCE1B3FE231BF127001BB684 /* AccountModel.swift in Sources */ = {isa = PBXBuildFile; fileRef = BCE1B3FD231BF127001BB684 /* AccountModel.swift */; };
		BCE1B4102320034F001BB684 /* AttendanceListCell.swift in Sources */ = {isa = PBXBuildFile; fileRef = BCE1B40E2320034F001BB684 /* AttendanceListCell.swift */; };
		BCE1B4112320034F001BB684 /* AttendanceListCell.xib in Resources */ = {isa = PBXBuildFile; fileRef = BCE1B40F2320034F001BB684 /* AttendanceListCell.xib */; };
		BCE1B4132320054F001BB684 /* AttendanceListModel.swift in Sources */ = {isa = PBXBuildFile; fileRef = BCE1B4122320054F001BB684 /* AttendanceListModel.swift */; };
		E571F75F2323F08700816C04 /* SnapKit.framework in Frameworks */ = {isa = PBXBuildFile; fileRef = E571F75E2323F08700816C04 /* SnapKit.framework */; };
		E571F7652324024D00816C04 /* Storyboard.swift in Sources */ = {isa = PBXBuildFile; fileRef = E571F7642324024D00816C04 /* Storyboard.swift */; };
		E571F767232402D200816C04 /* ReuseableView.swift in Sources */ = {isa = PBXBuildFile; fileRef = E571F766232402D200816C04 /* ReuseableView.swift */; };
		E571F76A2324033B00816C04 /* PresentingViewAnimator.swift in Sources */ = {isa = PBXBuildFile; fileRef = E571F7692324033B00816C04 /* PresentingViewAnimator.swift */; };
		E571F76C2324075300816C04 /* DismissingViewAnimator.swift in Sources */ = {isa = PBXBuildFile; fileRef = E571F76B2324075300816C04 /* DismissingViewAnimator.swift */; };
		E571F76E2324085C00816C04 /* InteractiveAnimator.swift in Sources */ = {isa = PBXBuildFile; fileRef = E571F76D2324085C00816C04 /* InteractiveAnimator.swift */; };
		E571F77223241C1E00816C04 /* InteractiveTransitionableViewController.swift in Sources */ = {isa = PBXBuildFile; fileRef = E571F77123241C1E00816C04 /* InteractiveTransitionableViewController.swift */; };
		E571F77423241D3300816C04 /* AccountViewController.swift in Sources */ = {isa = PBXBuildFile; fileRef = E571F77323241D3300816C04 /* AccountViewController.swift */; };
		E571F77723241F5300816C04 /* Account.storyboard in Resources */ = {isa = PBXBuildFile; fileRef = E571F77623241F5300816C04 /* Account.storyboard */; };
		E571F77A2324345400816C04 /* UIView+Extension.swift in Sources */ = {isa = PBXBuildFile; fileRef = E571F7792324345400816C04 /* UIView+Extension.swift */; };
		E571F77C23243D7600816C04 /* HomeTransitionCoordinator.swift in Sources */ = {isa = PBXBuildFile; fileRef = E571F77B23243D7600816C04 /* HomeTransitionCoordinator.swift */; };
/* End PBXBuildFile section */

/* Begin PBXCopyFilesBuildPhase section */
		46337A7C249A697E00AF4FA4 /* Embed Frameworks */ = {
			isa = PBXCopyFilesBuildPhase;
			buildActionMask = 2147483647;
			dstPath = "";
			dstSubfolderSpec = 10;
			files = (
				46337A7B249A697E00AF4FA4 /* Protobuf.framework in Embed Frameworks */,
				46337A7E249A697F00AF4FA4 /* TextFieldEffects.framework in Embed Frameworks */,
			);
			name = "Embed Frameworks";
			runOnlyForDeploymentPostprocessing = 0;
		};
/* End PBXCopyFilesBuildPhase section */

/* Begin PBXFileReference section */
		204FC78E236084D100AE693A /* UserModel.swift */ = {isa = PBXFileReference; lastKnownFileType = sourcecode.swift; path = UserModel.swift; sourceTree = "<group>"; };
		2057031E232E2B0200103A3E /* SignUpButton.swift */ = {isa = PBXFileReference; lastKnownFileType = sourcecode.swift; path = SignUpButton.swift; sourceTree = "<group>"; };
		20570322232E439900103A3E /* PositionCardView.swift */ = {isa = PBXFileReference; lastKnownFileType = sourcecode.swift; path = PositionCardView.swift; sourceTree = "<group>"; };
		2074DB1C2348C6BE007D7377 /* SignUpViewModel.swift */ = {isa = PBXFileReference; lastKnownFileType = sourcecode.swift; path = SignUpViewModel.swift; sourceTree = "<group>"; };
		20B81DFA232D54E20081D341 /* RoundedTextField.swift */ = {isa = PBXFileReference; lastKnownFileType = sourcecode.swift; path = RoundedTextField.swift; sourceTree = "<group>"; };
		4611919A249BA9170028D99F /* GoogleService-Info.plist */ = {isa = PBXFileReference; fileEncoding = 4; lastKnownFileType = text.plist.xml; path = "GoogleService-Info.plist"; sourceTree = "<group>"; };
		BC0C4F4823744E4100DA85B0 /* FirebaseInAppMessaging.framework */ = {isa = PBXFileReference; lastKnownFileType = wrapper.framework; name = FirebaseInAppMessaging.framework; path = Carthage/Build/iOS/FirebaseInAppMessaging.framework; sourceTree = "<group>"; };
		BC0C4F4A2374521600DA85B0 /* FirebaseMessaging.framework */ = {isa = PBXFileReference; lastKnownFileType = wrapper.framework; name = FirebaseMessaging.framework; path = Carthage/Build/iOS/FirebaseMessaging.framework; sourceTree = "<group>"; };
		BC0C4F4D23746C8900DA85B0 /* Protobuf.framework */ = {isa = PBXFileReference; lastKnownFileType = wrapper.framework; name = Protobuf.framework; path = Carthage/Build/iOS/Protobuf.framework; sourceTree = "<group>"; };
		BC0C4F4F23746EEF00DA85B0 /* DDD.Attendance.entitlements */ = {isa = PBXFileReference; lastKnownFileType = text.plist.entitlements; path = DDD.Attendance.entitlements; sourceTree = "<group>"; };
		BC10145D232E24FE0096E962 /* FirebaseInstanceID.framework */ = {isa = PBXFileReference; lastKnownFileType = wrapper.framework; name = FirebaseInstanceID.framework; path = Carthage/Build/iOS/FirebaseInstanceID.framework; sourceTree = "<group>"; };
		BC10145F232E24FE0096E962 /* GTMSessionFetcher.framework */ = {isa = PBXFileReference; lastKnownFileType = wrapper.framework; name = GTMSessionFetcher.framework; path = Carthage/Build/iOS/GTMSessionFetcher.framework; sourceTree = "<group>"; };
		BC101460232E24FE0096E962 /* FirebaseDatabase.framework */ = {isa = PBXFileReference; lastKnownFileType = wrapper.framework; name = FirebaseDatabase.framework; path = Carthage/Build/iOS/FirebaseDatabase.framework; sourceTree = "<group>"; };
		BC101461232E24FE0096E962 /* FirebaseCore.framework */ = {isa = PBXFileReference; lastKnownFileType = wrapper.framework; name = FirebaseCore.framework; path = Carthage/Build/iOS/FirebaseCore.framework; sourceTree = "<group>"; };
		BC101462232E24FE0096E962 /* FirebaseAuth.framework */ = {isa = PBXFileReference; lastKnownFileType = wrapper.framework; name = FirebaseAuth.framework; path = Carthage/Build/iOS/FirebaseAuth.framework; sourceTree = "<group>"; };
		BC101463232E24FE0096E962 /* FIRAnalyticsConnector.framework */ = {isa = PBXFileReference; lastKnownFileType = wrapper.framework; name = FIRAnalyticsConnector.framework; path = Carthage/Build/iOS/FIRAnalyticsConnector.framework; sourceTree = "<group>"; };
		BC101464232E24FE0096E962 /* GoogleUtilities.framework */ = {isa = PBXFileReference; lastKnownFileType = wrapper.framework; name = GoogleUtilities.framework; path = Carthage/Build/iOS/GoogleUtilities.framework; sourceTree = "<group>"; };
		BC101468232E24FE0096E962 /* FirebaseAnalytics.framework */ = {isa = PBXFileReference; lastKnownFileType = wrapper.framework; name = FirebaseAnalytics.framework; path = Carthage/Build/iOS/FirebaseAnalytics.framework; sourceTree = "<group>"; };
		BC101477232E25DF0096E962 /* libc++.tbd */ = {isa = PBXFileReference; lastKnownFileType = "sourcecode.text-based-dylib-definition"; name = "libc++.tbd"; path = "usr/lib/libc++.tbd"; sourceTree = SDKROOT; };
		BC101479232E25E80096E962 /* libsqlite3.tbd */ = {isa = PBXFileReference; lastKnownFileType = "sourcecode.text-based-dylib-definition"; name = libsqlite3.tbd; path = usr/lib/libsqlite3.tbd; sourceTree = SDKROOT; };
		BC10147B232E26130096E962 /* leveldb-library.framework */ = {isa = PBXFileReference; lastKnownFileType = wrapper.framework; name = "leveldb-library.framework"; path = "Carthage/Build/iOS/leveldb-library.framework"; sourceTree = "<group>"; };
		BC10147C232E26130096E962 /* nanopb.framework */ = {isa = PBXFileReference; lastKnownFileType = wrapper.framework; name = nanopb.framework; path = Carthage/Build/iOS/nanopb.framework; sourceTree = "<group>"; };
		BC10147D232E26130096E962 /* GoogleAppMeasurement.framework */ = {isa = PBXFileReference; lastKnownFileType = wrapper.framework; name = GoogleAppMeasurement.framework; path = Carthage/Build/iOS/GoogleAppMeasurement.framework; sourceTree = "<group>"; };
		BC10147E232E26130096E962 /* GoogleDataTransportCCTSupport.framework */ = {isa = PBXFileReference; lastKnownFileType = wrapper.framework; name = GoogleDataTransportCCTSupport.framework; path = Carthage/Build/iOS/GoogleDataTransportCCTSupport.framework; sourceTree = "<group>"; };
		BC10147F232E26130096E962 /* GoogleDataTransport.framework */ = {isa = PBXFileReference; lastKnownFileType = wrapper.framework; name = GoogleDataTransport.framework; path = Carthage/Build/iOS/GoogleDataTransport.framework; sourceTree = "<group>"; };
		BC101488232E2D110096E962 /* LoginPopupView.xib */ = {isa = PBXFileReference; lastKnownFileType = file.xib; path = LoginPopupView.xib; sourceTree = "<group>"; };
		BC10148A232E2D1C0096E962 /* LoginPopupView.swift */ = {isa = PBXFileReference; lastKnownFileType = sourcecode.swift; path = LoginPopupView.swift; sourceTree = "<group>"; };
		BC10148C232E32810096E962 /* LoginTransitionCoordinator.swift */ = {isa = PBXFileReference; lastKnownFileType = sourcecode.swift; path = LoginTransitionCoordinator.swift; sourceTree = "<group>"; };
		BC10148E232E32DB0096E962 /* LoginPopupViewController.swift */ = {isa = PBXFileReference; lastKnownFileType = sourcecode.swift; path = LoginPopupViewController.swift; sourceTree = "<group>"; };
		BC1014902333D9BB0096E962 /* HomeHeaderCell.swift */ = {isa = PBXFileReference; lastKnownFileType = sourcecode.swift; path = HomeHeaderCell.swift; sourceTree = "<group>"; };
		BC1014912333D9BB0096E962 /* HomeHeaderCell.xib */ = {isa = PBXFileReference; lastKnownFileType = file.xib; path = HomeHeaderCell.xib; sourceTree = "<group>"; };
		BC1014962333DD4E0096E962 /* WelcomeCell.swift */ = {isa = PBXFileReference; lastKnownFileType = sourcecode.swift; path = WelcomeCell.swift; sourceTree = "<group>"; };
		BC1014972333DD4E0096E962 /* WelcomeCell.xib */ = {isa = PBXFileReference; lastKnownFileType = file.xib; path = WelcomeCell.xib; sourceTree = "<group>"; };
		BC381F2F2349F4760040202D /* Firebase.swift */ = {isa = PBXFileReference; lastKnownFileType = sourcecode.swift; path = Firebase.swift; sourceTree = "<group>"; };
		BC3E50AD232A5E4600B56EBF /* Login.storyboard */ = {isa = PBXFileReference; lastKnownFileType = file.storyboard; path = Login.storyboard; sourceTree = "<group>"; };
		BC3E50AF232A5E5600B56EBF /* LoginViewController.swift */ = {isa = PBXFileReference; lastKnownFileType = sourcecode.swift; path = LoginViewController.swift; sourceTree = "<group>"; };
		BC3E50B2232A5EF600B56EBF /* SignUp.storyboard */ = {isa = PBXFileReference; lastKnownFileType = file.storyboard; path = SignUp.storyboard; sourceTree = "<group>"; };
		BC3E50B4232A5F0100B56EBF /* SignUpViewController.swift */ = {isa = PBXFileReference; lastKnownFileType = sourcecode.swift; path = SignUpViewController.swift; sourceTree = "<group>"; };
		BC3E50B7232A5F6100B56EBF /* StepOneView.swift */ = {isa = PBXFileReference; lastKnownFileType = sourcecode.swift; path = StepOneView.swift; sourceTree = "<group>"; };
		BC3E50B9232A5F6B00B56EBF /* StepOneView.xib */ = {isa = PBXFileReference; lastKnownFileType = file.xib; path = StepOneView.xib; sourceTree = "<group>"; };
		BC3E50BB232A5F7500B56EBF /* StepTwoView.xib */ = {isa = PBXFileReference; lastKnownFileType = file.xib; path = StepTwoView.xib; sourceTree = "<group>"; };
		BC3E50BD232A5F8000B56EBF /* StepTwoView.swift */ = {isa = PBXFileReference; lastKnownFileType = sourcecode.swift; path = StepTwoView.swift; sourceTree = "<group>"; };
		BC3E50BF232A5F8B00B56EBF /* StepThreeView.xib */ = {isa = PBXFileReference; lastKnownFileType = file.xib; path = StepThreeView.xib; sourceTree = "<group>"; };
		BC3E50C1232A5F9B00B56EBF /* StepThreeView.swift */ = {isa = PBXFileReference; lastKnownFileType = sourcecode.swift; path = StepThreeView.swift; sourceTree = "<group>"; };
		BC3E50C3232A5FBC00B56EBF /* StepFourView.xib */ = {isa = PBXFileReference; lastKnownFileType = file.xib; path = StepFourView.xib; sourceTree = "<group>"; };
		BC3E50C5232A5FC800B56EBF /* StepFourView.swift */ = {isa = PBXFileReference; lastKnownFileType = sourcecode.swift; path = StepFourView.swift; sourceTree = "<group>"; };
		BC3E50C7232A6D6C00B56EBF /* Optional+Extension.swift */ = {isa = PBXFileReference; lastKnownFileType = sourcecode.swift; path = "Optional+Extension.swift"; sourceTree = "<group>"; };
		BC3E50C9232A973D00B56EBF /* TextFieldEffects.framework */ = {isa = PBXFileReference; lastKnownFileType = wrapper.framework; name = TextFieldEffects.framework; path = Carthage/Build/iOS/TextFieldEffects.framework; sourceTree = "<group>"; };
		BC7E4AB3235F5C7700A314DA /* FirebaseStorage.framework */ = {isa = PBXFileReference; lastKnownFileType = wrapper.framework; name = FirebaseStorage.framework; path = Carthage/Build/iOS/FirebaseStorage.framework; sourceTree = "<group>"; };
		BC7E4AB5235F5F7F00A314DA /* ScannerViewController.swift */ = {isa = PBXFileReference; lastKnownFileType = sourcecode.swift; path = ScannerViewController.swift; sourceTree = "<group>"; };
		BC8863F4234E36C50031C7F1 /* LoginDataSource.swift */ = {isa = PBXFileReference; lastKnownFileType = sourcecode.swift; path = LoginDataSource.swift; sourceTree = "<group>"; };
		BC8863F9234E36FE0031C7F1 /* PosterCell.swift */ = {isa = PBXFileReference; lastKnownFileType = sourcecode.swift; path = PosterCell.swift; sourceTree = "<group>"; };
		BC8863FC234E37780031C7F1 /* PosterModel.swift */ = {isa = PBXFileReference; lastKnownFileType = sourcecode.swift; path = PosterModel.swift; sourceTree = "<group>"; };
		BC8863FE23561B590031C7F1 /* LoginPopupViewModel.swift */ = {isa = PBXFileReference; lastKnownFileType = sourcecode.swift; path = LoginPopupViewModel.swift; sourceTree = "<group>"; };
		BC886400235B5BA00031C7F1 /* UIVIewController+Extension.swift */ = {isa = PBXFileReference; lastKnownFileType = sourcecode.swift; path = "UIVIewController+Extension.swift"; sourceTree = "<group>"; };
		BC886402235C6FD60031C7F1 /* Date+Extension.swift */ = {isa = PBXFileReference; lastKnownFileType = sourcecode.swift; path = "Date+Extension.swift"; sourceTree = "<group>"; };
		BCDE474F2379A990009CEAC2 /* Curriculum.swift */ = {isa = PBXFileReference; lastKnownFileType = sourcecode.swift; path = Curriculum.swift; sourceTree = "<group>"; };
		BCDE47512379BD97009CEAC2 /* CodableFirebase.framework */ = {isa = PBXFileReference; lastKnownFileType = wrapper.framework; name = CodableFirebase.framework; path = Carthage/Build/iOS/CodableFirebase.framework; sourceTree = "<group>"; };
		BCDE47522379BD97009CEAC2 /* Lottie.framework */ = {isa = PBXFileReference; lastKnownFileType = wrapper.framework; name = Lottie.framework; path = Carthage/Build/iOS/Lottie.framework; sourceTree = "<group>"; };
		BCDE47552379BECF009CEAC2 /* onBoarding1.json */ = {isa = PBXFileReference; fileEncoding = 4; lastKnownFileType = text.json; path = onBoarding1.json; sourceTree = "<group>"; };
		BCDE47562379BED0009CEAC2 /* onBoarding2.json */ = {isa = PBXFileReference; fileEncoding = 4; lastKnownFileType = text.json; path = onBoarding2.json; sourceTree = "<group>"; };
		BCE1B3B7231BB68D001BB684 /* DDD.Attendance.app */ = {isa = PBXFileReference; explicitFileType = wrapper.application; includeInIndex = 0; path = DDD.Attendance.app; sourceTree = BUILT_PRODUCTS_DIR; };
		BCE1B3BA231BB68D001BB684 /* AppDelegate.swift */ = {isa = PBXFileReference; lastKnownFileType = sourcecode.swift; path = AppDelegate.swift; sourceTree = "<group>"; };
		BCE1B3C1231BB68F001BB684 /* Assets.xcassets */ = {isa = PBXFileReference; lastKnownFileType = folder.assetcatalog; path = Assets.xcassets; sourceTree = "<group>"; };
		BCE1B3C4231BB68F001BB684 /* Base */ = {isa = PBXFileReference; lastKnownFileType = file.storyboard; name = Base; path = Base.lproj/LaunchScreen.storyboard; sourceTree = "<group>"; };
		BCE1B3C6231BB68F001BB684 /* Info.plist */ = {isa = PBXFileReference; lastKnownFileType = text.plist.xml; path = Info.plist; sourceTree = "<group>"; };
		BCE1B3CE231BB75E001BB684 /* BaseViewController.swift */ = {isa = PBXFileReference; lastKnownFileType = sourcecode.swift; path = BaseViewController.swift; sourceTree = "<group>"; };
		BCE1B3D1231BB79D001BB684 /* Home.storyboard */ = {isa = PBXFileReference; lastKnownFileType = file.storyboard; path = Home.storyboard; sourceTree = "<group>"; };
		BCE1B3D3231BB7BC001BB684 /* HomeViewController.swift */ = {isa = PBXFileReference; lastKnownFileType = sourcecode.swift; path = HomeViewController.swift; sourceTree = "<group>"; };
		BCE1B3D6231BB858001BB684 /* ReactiveMapKit.framework */ = {isa = PBXFileReference; lastKnownFileType = wrapper.framework; name = ReactiveMapKit.framework; path = Carthage/Build/iOS/ReactiveMapKit.framework; sourceTree = "<group>"; };
		BCE1B3D7231BB858001BB684 /* ReactiveSwift.framework */ = {isa = PBXFileReference; lastKnownFileType = wrapper.framework; name = ReactiveSwift.framework; path = Carthage/Build/iOS/ReactiveSwift.framework; sourceTree = "<group>"; };
		BCE1B3D8231BB858001BB684 /* ReactiveCocoa.framework */ = {isa = PBXFileReference; lastKnownFileType = wrapper.framework; name = ReactiveCocoa.framework; path = Carthage/Build/iOS/ReactiveCocoa.framework; sourceTree = "<group>"; };
		BCE1B3DD231BD8E1001BB684 /* Alamofire.framework */ = {isa = PBXFileReference; lastKnownFileType = wrapper.framework; name = Alamofire.framework; path = Carthage/Build/iOS/Alamofire.framework; sourceTree = "<group>"; };
		BCE1B3E4231BE069001BB684 /* BaseView.swift */ = {isa = PBXFileReference; lastKnownFileType = sourcecode.swift; path = BaseView.swift; sourceTree = "<group>"; };
		BCE1B3EC231BE383001BB684 /* BaseDataSource.swift */ = {isa = PBXFileReference; lastKnownFileType = sourcecode.swift; path = BaseDataSource.swift; sourceTree = "<group>"; };
		BCE1B3EE231BE39C001BB684 /* BaseCell.swift */ = {isa = PBXFileReference; lastKnownFileType = sourcecode.swift; path = BaseCell.swift; sourceTree = "<group>"; };
		BCE1B3F0231BE576001BB684 /* HomeDataSource.swift */ = {isa = PBXFileReference; lastKnownFileType = sourcecode.swift; path = HomeDataSource.swift; sourceTree = "<group>"; };
		BCE1B3F2231BE57F001BB684 /* HomeViewModel.swift */ = {isa = PBXFileReference; lastKnownFileType = sourcecode.swift; path = HomeViewModel.swift; sourceTree = "<group>"; };
		BCE1B3F4231BE67A001BB684 /* AccountView.swift */ = {isa = PBXFileReference; lastKnownFileType = sourcecode.swift; path = AccountView.swift; sourceTree = "<group>"; };
		BCE1B3F6231BE689001BB684 /* AccountView.xib */ = {isa = PBXFileReference; lastKnownFileType = file.xib; path = AccountView.xib; sourceTree = "<group>"; };
		BCE1B3FA231BE6E9001BB684 /* QRCodeController.swift */ = {isa = PBXFileReference; lastKnownFileType = sourcecode.swift; path = QRCodeController.swift; sourceTree = "<group>"; };
		BCE1B3FD231BF127001BB684 /* AccountModel.swift */ = {isa = PBXFileReference; lastKnownFileType = sourcecode.swift; path = AccountModel.swift; sourceTree = "<group>"; };
		BCE1B40E2320034F001BB684 /* AttendanceListCell.swift */ = {isa = PBXFileReference; lastKnownFileType = sourcecode.swift; path = AttendanceListCell.swift; sourceTree = "<group>"; };
		BCE1B40F2320034F001BB684 /* AttendanceListCell.xib */ = {isa = PBXFileReference; lastKnownFileType = file.xib; path = AttendanceListCell.xib; sourceTree = "<group>"; };
		BCE1B4122320054F001BB684 /* AttendanceListModel.swift */ = {isa = PBXFileReference; lastKnownFileType = sourcecode.swift; path = AttendanceListModel.swift; sourceTree = "<group>"; };
		E571F75E2323F08700816C04 /* SnapKit.framework */ = {isa = PBXFileReference; lastKnownFileType = wrapper.framework; name = SnapKit.framework; path = Carthage/Build/iOS/SnapKit.framework; sourceTree = "<group>"; };
		E571F7642324024D00816C04 /* Storyboard.swift */ = {isa = PBXFileReference; lastKnownFileType = sourcecode.swift; path = Storyboard.swift; sourceTree = "<group>"; };
		E571F766232402D200816C04 /* ReuseableView.swift */ = {isa = PBXFileReference; lastKnownFileType = sourcecode.swift; path = ReuseableView.swift; sourceTree = "<group>"; };
		E571F7692324033B00816C04 /* PresentingViewAnimator.swift */ = {isa = PBXFileReference; lastKnownFileType = sourcecode.swift; path = PresentingViewAnimator.swift; sourceTree = "<group>"; };
		E571F76B2324075300816C04 /* DismissingViewAnimator.swift */ = {isa = PBXFileReference; lastKnownFileType = sourcecode.swift; path = DismissingViewAnimator.swift; sourceTree = "<group>"; };
		E571F76D2324085C00816C04 /* InteractiveAnimator.swift */ = {isa = PBXFileReference; lastKnownFileType = sourcecode.swift; path = InteractiveAnimator.swift; sourceTree = "<group>"; };
		E571F77123241C1E00816C04 /* InteractiveTransitionableViewController.swift */ = {isa = PBXFileReference; lastKnownFileType = sourcecode.swift; path = InteractiveTransitionableViewController.swift; sourceTree = "<group>"; };
		E571F77323241D3300816C04 /* AccountViewController.swift */ = {isa = PBXFileReference; lastKnownFileType = sourcecode.swift; path = AccountViewController.swift; sourceTree = "<group>"; };
		E571F77623241F5300816C04 /* Account.storyboard */ = {isa = PBXFileReference; lastKnownFileType = file.storyboard; path = Account.storyboard; sourceTree = "<group>"; };
		E571F7792324345400816C04 /* UIView+Extension.swift */ = {isa = PBXFileReference; lastKnownFileType = sourcecode.swift; path = "UIView+Extension.swift"; sourceTree = "<group>"; };
		E571F77B23243D7600816C04 /* HomeTransitionCoordinator.swift */ = {isa = PBXFileReference; fileEncoding = 4; lastKnownFileType = sourcecode.swift; path = HomeTransitionCoordinator.swift; sourceTree = "<group>"; };
/* End PBXFileReference section */

/* Begin PBXFrameworksBuildPhase section */
		BCE1B3B4231BB68D001BB684 /* Frameworks */ = {
			isa = PBXFrameworksBuildPhase;
			buildActionMask = 2147483647;
			files = (
				BCDE47532379BD97009CEAC2 /* CodableFirebase.framework in Frameworks */,
				BCDE47542379BD97009CEAC2 /* Lottie.framework in Frameworks */,
				BC0C4F4C23746C8900DA85B0 /* FirebaseInstanceID.framework in Frameworks */,
				BC101472232E24FF0096E962 /* GoogleUtilities.framework in Frameworks */,
				BC0C4F4B2374521600DA85B0 /* FirebaseMessaging.framework in Frameworks */,
				BC101480232E26130096E962 /* leveldb-library.framework in Frameworks */,
				BC101481232E26130096E962 /* nanopb.framework in Frameworks */,
				BC101482232E26130096E962 /* GoogleAppMeasurement.framework in Frameworks */,
				BC101483232E26130096E962 /* GoogleDataTransportCCTSupport.framework in Frameworks */,
				BC101484232E26130096E962 /* GoogleDataTransport.framework in Frameworks */,
				BC10147A232E25E80096E962 /* libsqlite3.tbd in Frameworks */,
				BC101478232E25DF0096E962 /* libc++.tbd in Frameworks */,
				BC10146E232E24FF0096E962 /* FirebaseDatabase.framework in Frameworks */,
				BC101470232E24FF0096E962 /* FirebaseAuth.framework in Frameworks */,
				BC10146F232E24FF0096E962 /* FirebaseCore.framework in Frameworks */,
				BC101476232E24FF0096E962 /* FirebaseAnalytics.framework in Frameworks */,
				BC10146D232E24FF0096E962 /* GTMSessionFetcher.framework in Frameworks */,
				E571F75F2323F08700816C04 /* SnapKit.framework in Frameworks */,
				46337A7D249A697F00AF4FA4 /* TextFieldEffects.framework in Frameworks */,
				BCE1B3DE231BD8E1001BB684 /* Alamofire.framework in Frameworks */,
				BCE1B3D9231BB858001BB684 /* ReactiveMapKit.framework in Frameworks */,
				BCE1B3DA231BB858001BB684 /* ReactiveSwift.framework in Frameworks */,
				46337A7A249A697E00AF4FA4 /* Protobuf.framework in Frameworks */,
				BC101471232E24FF0096E962 /* FIRAnalyticsConnector.framework in Frameworks */,
				BCE1B3DB231BB858001BB684 /* ReactiveCocoa.framework in Frameworks */,
			);
			runOnlyForDeploymentPostprocessing = 0;
		};
/* End PBXFrameworksBuildPhase section */

/* Begin PBXGroup section */
		204FC78D236084BB00AE693A /* Model */ = {
			isa = PBXGroup;
			children = (
				204FC78E236084D100AE693A /* UserModel.swift */,
			);
			path = Model;
			sourceTree = "<group>";
		};
		BC101487232E2D020096E962 /* View */ = {
			isa = PBXGroup;
			children = (
				BC101488232E2D110096E962 /* LoginPopupView.xib */,
				BC10148A232E2D1C0096E962 /* LoginPopupView.swift */,
				BC8863FE23561B590031C7F1 /* LoginPopupViewModel.swift */,
			);
			path = View;
			sourceTree = "<group>";
		};
		BC381F2D2349F4600040202D /* Repository */ = {
			isa = PBXGroup;
			children = (
				BC381F2F2349F4760040202D /* Firebase.swift */,
				BCDE474F2379A990009CEAC2 /* Curriculum.swift */,
			);
			path = Repository;
			sourceTree = "<group>";
		};
		BC3E50AB232A5D5700B56EBF /* Login */ = {
			isa = PBXGroup;
			children = (
				BC8863FB234E376E0031C7F1 /* Model */,
				BC8863F6234E36CB0031C7F1 /* Cell */,
				BC101487232E2D020096E962 /* View */,
				BC3E50AD232A5E4600B56EBF /* Login.storyboard */,
				BC3E50AF232A5E5600B56EBF /* LoginViewController.swift */,
				BC10148E232E32DB0096E962 /* LoginPopupViewController.swift */,
				BC10148C232E32810096E962 /* LoginTransitionCoordinator.swift */,
				BC8863F4234E36C50031C7F1 /* LoginDataSource.swift */,
			);
			path = Login;
			sourceTree = "<group>";
		};
		BC3E50AC232A5DBF00B56EBF /* Model */ = {
			isa = PBXGroup;
			children = (
				BCE1B3FD231BF127001BB684 /* AccountModel.swift */,
			);
			path = Model;
			sourceTree = "<group>";
		};
		BC3E50B1232A5EE800B56EBF /* SignUp */ = {
			isa = PBXGroup;
			children = (
				204FC78D236084BB00AE693A /* Model */,
				BC3E50B6232A5F2200B56EBF /* View */,
				BC3E50B2232A5EF600B56EBF /* SignUp.storyboard */,
				BC3E50B4232A5F0100B56EBF /* SignUpViewController.swift */,
				2074DB1C2348C6BE007D7377 /* SignUpViewModel.swift */,
			);
			path = SignUp;
			sourceTree = "<group>";
		};
		BC3E50B6232A5F2200B56EBF /* View */ = {
			isa = PBXGroup;
			children = (
				BC3E50B7232A5F6100B56EBF /* StepOneView.swift */,
				BC3E50B9232A5F6B00B56EBF /* StepOneView.xib */,
				BC3E50BD232A5F8000B56EBF /* StepTwoView.swift */,
				BC3E50BB232A5F7500B56EBF /* StepTwoView.xib */,
				BC3E50C1232A5F9B00B56EBF /* StepThreeView.swift */,
				BC3E50BF232A5F8B00B56EBF /* StepThreeView.xib */,
				BC3E50C5232A5FC800B56EBF /* StepFourView.swift */,
				BC3E50C3232A5FBC00B56EBF /* StepFourView.xib */,
				2057031E232E2B0200103A3E /* SignUpButton.swift */,
				20570322232E439900103A3E /* PositionCardView.swift */,
			);
			path = View;
			sourceTree = "<group>";
		};
		BC8863F6234E36CB0031C7F1 /* Cell */ = {
			isa = PBXGroup;
			children = (
				BC8863F9234E36FE0031C7F1 /* PosterCell.swift */,
			);
			path = Cell;
			sourceTree = "<group>";
		};
		BC8863FB234E376E0031C7F1 /* Model */ = {
			isa = PBXGroup;
			children = (
				BC8863FC234E37780031C7F1 /* PosterModel.swift */,
			);
			path = Model;
			sourceTree = "<group>";
		};
		BCE1B3AE231BB68D001BB684 = {
			isa = PBXGroup;
			children = (
				BCE1B3B9231BB68D001BB684 /* DDD.Attendance */,
				BCE1B3B8231BB68D001BB684 /* Products */,
				BCE1B3D5231BB858001BB684 /* Frameworks */,
			);
			sourceTree = "<group>";
		};
		BCE1B3B8231BB68D001BB684 /* Products */ = {
			isa = PBXGroup;
			children = (
				BCE1B3B7231BB68D001BB684 /* DDD.Attendance.app */,
			);
			name = Products;
			sourceTree = "<group>";
		};
		BCE1B3B9231BB68D001BB684 /* DDD.Attendance */ = {
			isa = PBXGroup;
			children = (
				BCDE47552379BECF009CEAC2 /* onBoarding1.json */,
				BCDE47562379BED0009CEAC2 /* onBoarding2.json */,
				BC0C4F4F23746EEF00DA85B0 /* DDD.Attendance.entitlements */,
				BC381F2D2349F4600040202D /* Repository */,
				BCE1B3F8231BE6D5001BB684 /* Common */,
				BCE1B3CD231BB756001BB684 /* Base */,
				BCE1B3D0231BB793001BB684 /* Home */,
				E571F77523241F4400816C04 /* Account */,
				BC3E50AB232A5D5700B56EBF /* Login */,
				BC3E50B1232A5EE800B56EBF /* SignUp */,
				E571F7782324344500816C04 /* Extension */,
				BCE1B3BA231BB68D001BB684 /* AppDelegate.swift */,
				BCE1B3C1231BB68F001BB684 /* Assets.xcassets */,
				BCE1B3C3231BB68F001BB684 /* LaunchScreen.storyboard */,
				BCE1B3C6231BB68F001BB684 /* Info.plist */,
				4611919A249BA9170028D99F /* GoogleService-Info.plist */,
			);
			path = DDD.Attendance;
			sourceTree = "<group>";
		};
		BCE1B3CD231BB756001BB684 /* Base */ = {
			isa = PBXGroup;
			children = (
				BCE1B3CE231BB75E001BB684 /* BaseViewController.swift */,
				BCE1B3E4231BE069001BB684 /* BaseView.swift */,
				BCE1B3EC231BE383001BB684 /* BaseDataSource.swift */,
				BCE1B3EE231BE39C001BB684 /* BaseCell.swift */,
			);
			path = Base;
			sourceTree = "<group>";
		};
		BCE1B3D0231BB793001BB684 /* Home */ = {
			isa = PBXGroup;
			children = (
				BCE1B40D2320032F001BB684 /* Cell */,
				BCE1B3FC231BF119001BB684 /* Model */,
				BCE1B3D1231BB79D001BB684 /* Home.storyboard */,
				BCE1B3D3231BB7BC001BB684 /* HomeViewController.swift */,
				BCE1B3F0231BE576001BB684 /* HomeDataSource.swift */,
				BCE1B3F2231BE57F001BB684 /* HomeViewModel.swift */,
				E571F77B23243D7600816C04 /* HomeTransitionCoordinator.swift */,
			);
			path = Home;
			sourceTree = "<group>";
		};
		BCE1B3D5231BB858001BB684 /* Frameworks */ = {
			isa = PBXGroup;
			children = (
				BCDE47512379BD97009CEAC2 /* CodableFirebase.framework */,
				BCDE47522379BD97009CEAC2 /* Lottie.framework */,
				BC0C4F4D23746C8900DA85B0 /* Protobuf.framework */,
				BC0C4F4A2374521600DA85B0 /* FirebaseMessaging.framework */,
				BC0C4F4823744E4100DA85B0 /* FirebaseInAppMessaging.framework */,
				BC7E4AB3235F5C7700A314DA /* FirebaseStorage.framework */,
				BC101479232E25E80096E962 /* libsqlite3.tbd */,
				BC101477232E25DF0096E962 /* libc++.tbd */,
				BC10147D232E26130096E962 /* GoogleAppMeasurement.framework */,
				BC10147F232E26130096E962 /* GoogleDataTransport.framework */,
				BC10147E232E26130096E962 /* GoogleDataTransportCCTSupport.framework */,
				BC10147B232E26130096E962 /* leveldb-library.framework */,
				BC10147C232E26130096E962 /* nanopb.framework */,
				BC101463232E24FE0096E962 /* FIRAnalyticsConnector.framework */,
				BC101468232E24FE0096E962 /* FirebaseAnalytics.framework */,
				BC101462232E24FE0096E962 /* FirebaseAuth.framework */,
				BC101461232E24FE0096E962 /* FirebaseCore.framework */,
				BC101460232E24FE0096E962 /* FirebaseDatabase.framework */,
				BC10145D232E24FE0096E962 /* FirebaseInstanceID.framework */,
				BC101464232E24FE0096E962 /* GoogleUtilities.framework */,
				BC10145F232E24FE0096E962 /* GTMSessionFetcher.framework */,
				BC3E50C9232A973D00B56EBF /* TextFieldEffects.framework */,
				E571F75E2323F08700816C04 /* SnapKit.framework */,
				BCE1B3DD231BD8E1001BB684 /* Alamofire.framework */,
				BCE1B3D8231BB858001BB684 /* ReactiveCocoa.framework */,
				BCE1B3D6231BB858001BB684 /* ReactiveMapKit.framework */,
				BCE1B3D7231BB858001BB684 /* ReactiveSwift.framework */,
			);
			name = Frameworks;
			sourceTree = "<group>";
		};
		BCE1B3DF231BD934001BB684 /* View */ = {
			isa = PBXGroup;
			children = (
				BCE1B3F4231BE67A001BB684 /* AccountView.swift */,
				BCE1B3F6231BE689001BB684 /* AccountView.xib */,
			);
			path = View;
			sourceTree = "<group>";
		};
		BCE1B3F8231BE6D5001BB684 /* Common */ = {
			isa = PBXGroup;
			children = (
				E571F7682324032800816C04 /* Animator */,
				BCE1B3F9231BE6DA001BB684 /* QRCode */,
				E571F766232402D200816C04 /* ReuseableView.swift */,
				E571F7642324024D00816C04 /* Storyboard.swift */,
				20B81DFA232D54E20081D341 /* RoundedTextField.swift */,
			);
			path = Common;
			sourceTree = "<group>";
		};
		BCE1B3F9231BE6DA001BB684 /* QRCode */ = {
			isa = PBXGroup;
			children = (
				BCE1B3FA231BE6E9001BB684 /* QRCodeController.swift */,
				BC7E4AB5235F5F7F00A314DA /* ScannerViewController.swift */,
			);
			path = QRCode;
			sourceTree = "<group>";
		};
		BCE1B3FC231BF119001BB684 /* Model */ = {
			isa = PBXGroup;
			children = (
				BCE1B4122320054F001BB684 /* AttendanceListModel.swift */,
			);
			path = Model;
			sourceTree = "<group>";
		};
		BCE1B40D2320032F001BB684 /* Cell */ = {
			isa = PBXGroup;
			children = (
				BCE1B40E2320034F001BB684 /* AttendanceListCell.swift */,
				BCE1B40F2320034F001BB684 /* AttendanceListCell.xib */,
				BC1014902333D9BB0096E962 /* HomeHeaderCell.swift */,
				BC1014912333D9BB0096E962 /* HomeHeaderCell.xib */,
				BC1014962333DD4E0096E962 /* WelcomeCell.swift */,
				BC1014972333DD4E0096E962 /* WelcomeCell.xib */,
			);
			path = Cell;
			sourceTree = "<group>";
		};
		E571F7682324032800816C04 /* Animator */ = {
			isa = PBXGroup;
			children = (
				E571F7692324033B00816C04 /* PresentingViewAnimator.swift */,
				E571F76B2324075300816C04 /* DismissingViewAnimator.swift */,
				E571F76D2324085C00816C04 /* InteractiveAnimator.swift */,
				E571F77123241C1E00816C04 /* InteractiveTransitionableViewController.swift */,
			);
			path = Animator;
			sourceTree = "<group>";
		};
		E571F77523241F4400816C04 /* Account */ = {
			isa = PBXGroup;
			children = (
				BC3E50AC232A5DBF00B56EBF /* Model */,
				BCE1B3DF231BD934001BB684 /* View */,
				E571F77623241F5300816C04 /* Account.storyboard */,
				E571F77323241D3300816C04 /* AccountViewController.swift */,
			);
			path = Account;
			sourceTree = "<group>";
		};
		E571F7782324344500816C04 /* Extension */ = {
			isa = PBXGroup;
			children = (
				E571F7792324345400816C04 /* UIView+Extension.swift */,
				BC3E50C7232A6D6C00B56EBF /* Optional+Extension.swift */,
				BC886400235B5BA00031C7F1 /* UIVIewController+Extension.swift */,
				BC886402235C6FD60031C7F1 /* Date+Extension.swift */,
			);
			path = Extension;
			sourceTree = "<group>";
		};
/* End PBXGroup section */

/* Begin PBXNativeTarget section */
		BCE1B3B6231BB68D001BB684 /* DDD.Attendance */ = {
			isa = PBXNativeTarget;
			buildConfigurationList = BCE1B3C9231BB68F001BB684 /* Build configuration list for PBXNativeTarget "DDD.Attendance" */;
			buildPhases = (
				BCE1B3B3231BB68D001BB684 /* Sources */,
				BCE1B3B4231BB68D001BB684 /* Frameworks */,
				BCE1B3B5231BB68D001BB684 /* Resources */,
				BCE1B3DC231BB85E001BB684 /* Carthage */,
				46337A7C249A697E00AF4FA4 /* Embed Frameworks */,
			);
			buildRules = (
			);
			dependencies = (
			);
			name = DDD.Attendance;
			productName = DDD.Attendance;
			productReference = BCE1B3B7231BB68D001BB684 /* DDD.Attendance.app */;
			productType = "com.apple.product-type.application";
		};
/* End PBXNativeTarget section */

/* Begin PBXProject section */
		BCE1B3AF231BB68D001BB684 /* Project object */ = {
			isa = PBXProject;
			attributes = {
				LastSwiftUpdateCheck = 1020;
				LastUpgradeCheck = 1020;
				ORGANIZATIONNAME = DDD.;
				TargetAttributes = {
					BCE1B3B6231BB68D001BB684 = {
						CreatedOnToolsVersion = 10.2.1;
						SystemCapabilities = {
							com.apple.Push = {
								enabled = 1;
							};
						};
					};
				};
			};
			buildConfigurationList = BCE1B3B2231BB68D001BB684 /* Build configuration list for PBXProject "DDD.Attendance" */;
			compatibilityVersion = "Xcode 9.3";
			developmentRegion = en;
			hasScannedForEncodings = 0;
			knownRegions = (
				en,
				Base,
			);
			mainGroup = BCE1B3AE231BB68D001BB684;
			productRefGroup = BCE1B3B8231BB68D001BB684 /* Products */;
			projectDirPath = "";
			projectRoot = "";
			targets = (
				BCE1B3B6231BB68D001BB684 /* DDD.Attendance */,
			);
		};
/* End PBXProject section */

/* Begin PBXResourcesBuildPhase section */
		BCE1B3B5231BB68D001BB684 /* Resources */ = {
			isa = PBXResourcesBuildPhase;
			buildActionMask = 2147483647;
			files = (
				BC3E50AE232A5E4600B56EBF /* Login.storyboard in Resources */,
				BC3E50C0232A5F8B00B56EBF /* StepThreeView.xib in Resources */,
				BCE1B3C5231BB68F001BB684 /* LaunchScreen.storyboard in Resources */,
				BCDE47582379BED0009CEAC2 /* onBoarding2.json in Resources */,
				BC3E50BC232A5F7500B56EBF /* StepTwoView.xib in Resources */,
				BC101489232E2D110096E962 /* LoginPopupView.xib in Resources */,
				BC3E50B3232A5EF600B56EBF /* SignUp.storyboard in Resources */,
				BC1014932333D9BB0096E962 /* HomeHeaderCell.xib in Resources */,
				BCE1B3C2231BB68F001BB684 /* Assets.xcassets in Resources */,
				BCE1B4112320034F001BB684 /* AttendanceListCell.xib in Resources */,
				BCE1B3F7231BE689001BB684 /* AccountView.xib in Resources */,
				4611919B249BA9170028D99F /* GoogleService-Info.plist in Resources */,
				BC3E50C4232A5FBC00B56EBF /* StepFourView.xib in Resources */,
				BCDE47572379BED0009CEAC2 /* onBoarding1.json in Resources */,
				BC3E50BA232A5F6B00B56EBF /* StepOneView.xib in Resources */,
				BC1014992333DD4E0096E962 /* WelcomeCell.xib in Resources */,
				BCE1B3D2231BB79D001BB684 /* Home.storyboard in Resources */,
				E571F77723241F5300816C04 /* Account.storyboard in Resources */,
			);
			runOnlyForDeploymentPostprocessing = 0;
		};
/* End PBXResourcesBuildPhase section */

/* Begin PBXShellScriptBuildPhase section */
		BCE1B3DC231BB85E001BB684 /* Carthage */ = {
			isa = PBXShellScriptBuildPhase;
			buildActionMask = 2147483647;
			files = (
			);
			inputFileListPaths = (
			);
			inputPaths = (
				"$(SRCROOT)/Carthage/Build/iOS/ReactiveMapKit.framework",
				"$(SRCROOT)/Carthage/Build/iOS/ReactiveSwift.framework",
				"$(SRCROOT)/Carthage/Build/iOS/ReactiveCocoa.framework",
				"$(SRCROOT)/Carthage/Build/iOS/Alamofire.framework",
				"$(SRCROOT)/Carthage/Build/iOS/SnapKit.framework",
				"$(SRCROOT)/Carthage/Build/iOS/TextFieldEffects.framework",
				"$(SRCROOT)/Carthage/Build/iOS/CHIPageControl.framework",
				"$(SRCROOT)/Carthage/Build/iOS/NVActivityIndicatorView.framework",
				"$(SRCROOT)/Carthage/Build/iOS/Device.framework",
				"$(SRCROOT)/Carthage/Build/iOS/CodableFirebase.framework",
				"$(SRCROOT)/Carthage/Build/iOS/Lottie.framework",
			);
			name = Carthage;
			outputFileListPaths = (
			);
			outputPaths = (
			);
			runOnlyForDeploymentPostprocessing = 0;
			shellPath = /bin/sh;
			shellScript = "# Type a script or drag a script file from your workspace to insert its path.\n/usr/local/bin/carthage copy-frameworks\n";
		};
/* End PBXShellScriptBuildPhase section */

/* Begin PBXSourcesBuildPhase section */
		BCE1B3B3231BB68D001BB684 /* Sources */ = {
			isa = PBXSourcesBuildPhase;
			buildActionMask = 2147483647;
			files = (
				E571F767232402D200816C04 /* ReuseableView.swift in Sources */,
				E571F77C23243D7600816C04 /* HomeTransitionCoordinator.swift in Sources */,
				BCE1B3ED231BE383001BB684 /* BaseDataSource.swift in Sources */,
				BC3E50B5232A5F0100B56EBF /* SignUpViewController.swift in Sources */,
				BCE1B3F3231BE57F001BB684 /* HomeViewModel.swift in Sources */,
				BC10148D232E32810096E962 /* LoginTransitionCoordinator.swift in Sources */,
				BC381F302349F4760040202D /* Firebase.swift in Sources */,
				E571F76E2324085C00816C04 /* InteractiveAnimator.swift in Sources */,
				BC3E50C8232A6D6C00B56EBF /* Optional+Extension.swift in Sources */,
				BCE1B3F5231BE67A001BB684 /* AccountView.swift in Sources */,
				BC886403235C6FD60031C7F1 /* Date+Extension.swift in Sources */,
				20B81DFB232D54E20081D341 /* RoundedTextField.swift in Sources */,
				BCDE47502379A990009CEAC2 /* Curriculum.swift in Sources */,
				BCE1B4102320034F001BB684 /* AttendanceListCell.swift in Sources */,
				BCE1B3FE231BF127001BB684 /* AccountModel.swift in Sources */,
				BCE1B3BB231BB68D001BB684 /* AppDelegate.swift in Sources */,
				E571F7652324024D00816C04 /* Storyboard.swift in Sources */,
				BC3E50C6232A5FC800B56EBF /* StepFourView.swift in Sources */,
				204FC78F236084D100AE693A /* UserModel.swift in Sources */,
				E571F77A2324345400816C04 /* UIView+Extension.swift in Sources */,
				BC3E50C2232A5F9B00B56EBF /* StepThreeView.swift in Sources */,
				BC3E50B0232A5E5600B56EBF /* LoginViewController.swift in Sources */,
				2074DB1D2348C6BE007D7377 /* SignUpViewModel.swift in Sources */,
				E571F77423241D3300816C04 /* AccountViewController.swift in Sources */,
				BC8863FA234E36FE0031C7F1 /* PosterCell.swift in Sources */,
				E571F76A2324033B00816C04 /* PresentingViewAnimator.swift in Sources */,
				BCE1B3EF231BE39C001BB684 /* BaseCell.swift in Sources */,
				BC10148B232E2D1C0096E962 /* LoginPopupView.swift in Sources */,
				BCE1B3E5231BE069001BB684 /* BaseView.swift in Sources */,
				BC3E50BE232A5F8000B56EBF /* StepTwoView.swift in Sources */,
				BC886401235B5BA00031C7F1 /* UIVIewController+Extension.swift in Sources */,
				BCE1B3CF231BB75E001BB684 /* BaseViewController.swift in Sources */,
				BC3E50B8232A5F6100B56EBF /* StepOneView.swift in Sources */,
				BC1014982333DD4E0096E962 /* WelcomeCell.swift in Sources */,
				E571F76C2324075300816C04 /* DismissingViewAnimator.swift in Sources */,
				BCE1B3F1231BE576001BB684 /* HomeDataSource.swift in Sources */,
				BC1014922333D9BB0096E962 /* HomeHeaderCell.swift in Sources */,
				20570323232E439900103A3E /* PositionCardView.swift in Sources */,
				BCE1B4132320054F001BB684 /* AttendanceListModel.swift in Sources */,
				E571F77223241C1E00816C04 /* InteractiveTransitionableViewController.swift in Sources */,
				BC10148F232E32DB0096E962 /* LoginPopupViewController.swift in Sources */,
				BC7E4AB6235F5F7F00A314DA /* ScannerViewController.swift in Sources */,
				BC8863F5234E36C50031C7F1 /* LoginDataSource.swift in Sources */,
				BC8863FD234E37780031C7F1 /* PosterModel.swift in Sources */,
				BC8863FF23561B590031C7F1 /* LoginPopupViewModel.swift in Sources */,
				BCE1B3D4231BB7BC001BB684 /* HomeViewController.swift in Sources */,
				BCE1B3FB231BE6E9001BB684 /* QRCodeController.swift in Sources */,
				2057031F232E2B0200103A3E /* SignUpButton.swift in Sources */,
			);
			runOnlyForDeploymentPostprocessing = 0;
		};
/* End PBXSourcesBuildPhase section */

/* Begin PBXVariantGroup section */
		BCE1B3C3231BB68F001BB684 /* LaunchScreen.storyboard */ = {
			isa = PBXVariantGroup;
			children = (
				BCE1B3C4231BB68F001BB684 /* Base */,
			);
			name = LaunchScreen.storyboard;
			sourceTree = "<group>";
		};
/* End PBXVariantGroup section */

/* Begin XCBuildConfiguration section */
		BCE1B3C7231BB68F001BB684 /* Debug */ = {
			isa = XCBuildConfiguration;
			buildSettings = {
				ALWAYS_SEARCH_USER_PATHS = NO;
				CLANG_ANALYZER_NONNULL = YES;
				CLANG_ANALYZER_NUMBER_OBJECT_CONVERSION = YES_AGGRESSIVE;
				CLANG_CXX_LANGUAGE_STANDARD = "gnu++14";
				CLANG_CXX_LIBRARY = "libc++";
				CLANG_ENABLE_MODULES = YES;
				CLANG_ENABLE_OBJC_ARC = YES;
				CLANG_ENABLE_OBJC_WEAK = YES;
				CLANG_WARN_BLOCK_CAPTURE_AUTORELEASING = YES;
				CLANG_WARN_BOOL_CONVERSION = YES;
				CLANG_WARN_COMMA = YES;
				CLANG_WARN_CONSTANT_CONVERSION = YES;
				CLANG_WARN_DEPRECATED_OBJC_IMPLEMENTATIONS = YES;
				CLANG_WARN_DIRECT_OBJC_ISA_USAGE = YES_ERROR;
				CLANG_WARN_DOCUMENTATION_COMMENTS = YES;
				CLANG_WARN_EMPTY_BODY = YES;
				CLANG_WARN_ENUM_CONVERSION = YES;
				CLANG_WARN_INFINITE_RECURSION = YES;
				CLANG_WARN_INT_CONVERSION = YES;
				CLANG_WARN_NON_LITERAL_NULL_CONVERSION = YES;
				CLANG_WARN_OBJC_IMPLICIT_RETAIN_SELF = YES;
				CLANG_WARN_OBJC_LITERAL_CONVERSION = YES;
				CLANG_WARN_OBJC_ROOT_CLASS = YES_ERROR;
				CLANG_WARN_RANGE_LOOP_ANALYSIS = YES;
				CLANG_WARN_STRICT_PROTOTYPES = YES;
				CLANG_WARN_SUSPICIOUS_MOVE = YES;
				CLANG_WARN_UNGUARDED_AVAILABILITY = YES_AGGRESSIVE;
				CLANG_WARN_UNREACHABLE_CODE = YES;
				CLANG_WARN__DUPLICATE_METHOD_MATCH = YES;
				CODE_SIGN_IDENTITY = "iPhone Developer";
				COPY_PHASE_STRIP = NO;
				DEBUG_INFORMATION_FORMAT = dwarf;
				ENABLE_STRICT_OBJC_MSGSEND = YES;
				ENABLE_TESTABILITY = YES;
				GCC_C_LANGUAGE_STANDARD = gnu11;
				GCC_DYNAMIC_NO_PIC = NO;
				GCC_NO_COMMON_BLOCKS = YES;
				GCC_OPTIMIZATION_LEVEL = 0;
				GCC_PREPROCESSOR_DEFINITIONS = (
					"DEBUG=1",
					"$(inherited)",
				);
				GCC_WARN_64_TO_32_BIT_CONVERSION = YES;
				GCC_WARN_ABOUT_RETURN_TYPE = YES_ERROR;
				GCC_WARN_UNDECLARED_SELECTOR = YES;
				GCC_WARN_UNINITIALIZED_AUTOS = YES_AGGRESSIVE;
				GCC_WARN_UNUSED_FUNCTION = YES;
				GCC_WARN_UNUSED_VARIABLE = YES;
				IPHONEOS_DEPLOYMENT_TARGET = 11.0;
				MTL_ENABLE_DEBUG_INFO = INCLUDE_SOURCE;
				MTL_FAST_MATH = YES;
				ONLY_ACTIVE_ARCH = YES;
				SDKROOT = iphoneos;
				SWIFT_ACTIVE_COMPILATION_CONDITIONS = DEBUG;
				SWIFT_OPTIMIZATION_LEVEL = "-Onone";
			};
			name = Debug;
		};
		BCE1B3C8231BB68F001BB684 /* Release */ = {
			isa = XCBuildConfiguration;
			buildSettings = {
				ALWAYS_SEARCH_USER_PATHS = NO;
				CLANG_ANALYZER_NONNULL = YES;
				CLANG_ANALYZER_NUMBER_OBJECT_CONVERSION = YES_AGGRESSIVE;
				CLANG_CXX_LANGUAGE_STANDARD = "gnu++14";
				CLANG_CXX_LIBRARY = "libc++";
				CLANG_ENABLE_MODULES = YES;
				CLANG_ENABLE_OBJC_ARC = YES;
				CLANG_ENABLE_OBJC_WEAK = YES;
				CLANG_WARN_BLOCK_CAPTURE_AUTORELEASING = YES;
				CLANG_WARN_BOOL_CONVERSION = YES;
				CLANG_WARN_COMMA = YES;
				CLANG_WARN_CONSTANT_CONVERSION = YES;
				CLANG_WARN_DEPRECATED_OBJC_IMPLEMENTATIONS = YES;
				CLANG_WARN_DIRECT_OBJC_ISA_USAGE = YES_ERROR;
				CLANG_WARN_DOCUMENTATION_COMMENTS = YES;
				CLANG_WARN_EMPTY_BODY = YES;
				CLANG_WARN_ENUM_CONVERSION = YES;
				CLANG_WARN_INFINITE_RECURSION = YES;
				CLANG_WARN_INT_CONVERSION = YES;
				CLANG_WARN_NON_LITERAL_NULL_CONVERSION = YES;
				CLANG_WARN_OBJC_IMPLICIT_RETAIN_SELF = YES;
				CLANG_WARN_OBJC_LITERAL_CONVERSION = YES;
				CLANG_WARN_OBJC_ROOT_CLASS = YES_ERROR;
				CLANG_WARN_RANGE_LOOP_ANALYSIS = YES;
				CLANG_WARN_STRICT_PROTOTYPES = YES;
				CLANG_WARN_SUSPICIOUS_MOVE = YES;
				CLANG_WARN_UNGUARDED_AVAILABILITY = YES_AGGRESSIVE;
				CLANG_WARN_UNREACHABLE_CODE = YES;
				CLANG_WARN__DUPLICATE_METHOD_MATCH = YES;
				CODE_SIGN_IDENTITY = "iPhone Developer";
				COPY_PHASE_STRIP = NO;
				DEBUG_INFORMATION_FORMAT = "dwarf-with-dsym";
				ENABLE_NS_ASSERTIONS = NO;
				ENABLE_STRICT_OBJC_MSGSEND = YES;
				GCC_C_LANGUAGE_STANDARD = gnu11;
				GCC_NO_COMMON_BLOCKS = YES;
				GCC_WARN_64_TO_32_BIT_CONVERSION = YES;
				GCC_WARN_ABOUT_RETURN_TYPE = YES_ERROR;
				GCC_WARN_UNDECLARED_SELECTOR = YES;
				GCC_WARN_UNINITIALIZED_AUTOS = YES_AGGRESSIVE;
				GCC_WARN_UNUSED_FUNCTION = YES;
				GCC_WARN_UNUSED_VARIABLE = YES;
				IPHONEOS_DEPLOYMENT_TARGET = 11.0;
				MTL_ENABLE_DEBUG_INFO = NO;
				MTL_FAST_MATH = YES;
				SDKROOT = iphoneos;
				SWIFT_COMPILATION_MODE = wholemodule;
				SWIFT_OPTIMIZATION_LEVEL = "-O";
				VALIDATE_PRODUCT = YES;
			};
			name = Release;
		};
		BCE1B3CA231BB68F001BB684 /* Debug */ = {
			isa = XCBuildConfiguration;
			buildSettings = {
				ASSETCATALOG_COMPILER_APPICON_NAME = AppIcon;
				CODE_SIGN_ENTITLEMENTS = DDD.Attendance/DDD.Attendance.entitlements;
				CODE_SIGN_STYLE = Automatic;
				DEVELOPMENT_TEAM = B4JRVGF6UQ;
				FRAMEWORK_SEARCH_PATHS = (
					"$(inherited)",
					"$(PROJECT_DIR)/Carthage/Build/iOS",
				);
				INFOPLIST_FILE = DDD.Attendance/Info.plist;
				IPHONEOS_DEPLOYMENT_TARGET = 11.0;
				LD_RUNPATH_SEARCH_PATHS = (
					"$(inherited)",
					"@executable_path/Frameworks",
				);
				OTHER_LDFLAGS = (
					"$(OTHER_LDFLAGS)",
					"-ObjC",
				);
				PRODUCT_BUNDLE_IDENTIFIER = com.ddd.DDDAttendance;
				PRODUCT_NAME = "$(TARGET_NAME)";
				SWIFT_VERSION = 5.0;
				TARGETED_DEVICE_FAMILY = 1;
			};
			name = Debug;
		};
		BCE1B3CB231BB68F001BB684 /* Release */ = {
			isa = XCBuildConfiguration;
			buildSettings = {
				ASSETCATALOG_COMPILER_APPICON_NAME = AppIcon;
				CODE_SIGN_ENTITLEMENTS = DDD.Attendance/DDD.Attendance.entitlements;
				CODE_SIGN_STYLE = Automatic;
				DEVELOPMENT_TEAM = B4JRVGF6UQ;
				FRAMEWORK_SEARCH_PATHS = (
					"$(inherited)",
					"$(PROJECT_DIR)/Carthage/Build/iOS",
				);
				INFOPLIST_FILE = DDD.Attendance/Info.plist;
				IPHONEOS_DEPLOYMENT_TARGET = 11.0;
				LD_RUNPATH_SEARCH_PATHS = (
					"$(inherited)",
					"@executable_path/Frameworks",
				);
				OTHER_LDFLAGS = (
					"$(OTHER_LDFLAGS)",
					"-ObjC",
				);
				PRODUCT_BUNDLE_IDENTIFIER = com.ddd.DDDAttendance;
				PRODUCT_NAME = "$(TARGET_NAME)";
				SWIFT_VERSION = 5.0;
				TARGETED_DEVICE_FAMILY = 1;
			};
			name = Release;
		};
/* End XCBuildConfiguration section */

/* Begin XCConfigurationList section */
		BCE1B3B2231BB68D001BB684 /* Build configuration list for PBXProject "DDD.Attendance" */ = {
			isa = XCConfigurationList;
			buildConfigurations = (
				BCE1B3C7231BB68F001BB684 /* Debug */,
				BCE1B3C8231BB68F001BB684 /* Release */,
			);
			defaultConfigurationIsVisible = 0;
			defaultConfigurationName = Release;
		};
		BCE1B3C9231BB68F001BB684 /* Build configuration list for PBXNativeTarget "DDD.Attendance" */ = {
			isa = XCConfigurationList;
			buildConfigurations = (
				BCE1B3CA231BB68F001BB684 /* Debug */,
				BCE1B3CB231BB68F001BB684 /* Release */,
			);
			defaultConfigurationIsVisible = 0;
			defaultConfigurationName = Release;
		};
/* End XCConfigurationList section */
	};
	rootObject = BCE1B3AF231BB68D001BB684 /* Project object */;
}
